
Microsoft Visual Studio Solution File, Format Version 12.00
# Visual Studio Version 17
VisualStudioVersion = 17.3.32819.101
MinimumVisualStudioVersion = 10.0.40219.1
Project("{FAE04EC0-301F-11D3-BF4B-00C04F79EFBC}") = "RazorblueTechTest.Anagram", "RazorblueTechTest.Anagram\RazorblueTechTest.Anagram.csproj", "{77A4C57F-A30B-4B7A-89DE-02D0C76E7A14}"
EndProject
Project("{FAE04EC0-301F-11D3-BF4B-00C04F79EFBC}") = "RazorblueTechTest.Client", "RazorblueTechTest.Client\RazorblueTechTest.Client.csproj", "{8D5F49CA-5C90-493C-B2C5-CE5EBDB07009}"
EndProject
Project("{FAE04EC0-301F-11D3-BF4B-00C04F79EFBC}") = "RazorblueTechTest.UnitTest", "RazorblueTechTest.UnitTest\RazorblueTechTest.UnitTest.csproj", "{7410ACE3-5F04-493C-9A30-530D6E9C1046}"
EndProject
Global
	GlobalSection(SolutionConfigurationPlatforms) = preSolution
		Debug|Any CPU = Debug|Any CPU
		Release|Any CPU = Release|Any CPU
	EndGlobalSection
	GlobalSection(ProjectConfigurationPlatforms) = postSolution
		{77A4C57F-A30B-4B7A-89DE-02D0C76E7A14}.Debug|Any CPU.ActiveCfg = Debug|Any CPU
		{77A4C57F-A30B-4B7A-89DE-02D0C76E7A14}.Debug|Any CPU.Build.0 = Debug|Any CPU
		{77A4C57F-A30B-4B7A-89DE-02D0C76E7A14}.Release|Any CPU.ActiveCfg = Release|Any CPU
		{77A4C57F-A30B-4B7A-89DE-02D0C76E7A14}.Release|Any CPU.Build.0 = Release|Any CPU
		{8D5F49CA-5C90-493C-B2C5-CE5EBDB07009}.Debug|Any CPU.ActiveCfg = Debug|Any CPU
		{8D5F49CA-5C90-493C-B2C5-CE5EBDB07009}.Debug|Any CPU.Build.0 = Debug|Any CPU
		{8D5F49CA-5C90-493C-B2C5-CE5EBDB07009}.Release|Any CPU.ActiveCfg = Release|Any CPU
		{8D5F49CA-5C90-493C-B2C5-CE5EBDB07009}.Release|Any CPU.Build.0 = Release|Any CPU
		{7410ACE3-5F04-493C-9A30-530D6E9C1046}.Debug|Any CPU.ActiveCfg = Debug|Any CPU
		{7410ACE3-5F04-493C-9A30-530D6E9C1046}.Debug|Any CPU.Build.0 = Debug|Any CPU
		{7410ACE3-5F04-493C-9A30-530D6E9C1046}.Release|Any CPU.ActiveCfg = Release|Any CPU
		{7410ACE3-5F04-493C-9A30-530D6E9C1046}.Release|Any CPU.Build.0 = Release|Any CPU
	EndGlobalSection
	GlobalSection(SolutionProperties) = preSolution
		HideSolutionNode = FALSE
	EndGlobalSection
	GlobalSection(ExtensibilityGlobals) = postSolution
		SolutionGuid = {78B15D25-53E6-4FC1-9A8F-D23BA7BFBF6B}
	EndGlobalSection
EndGlobal
